# This file is automatically @generated by Poetry and should not be changed by hand.

[[package]]
name = "altgraph"
version = "0.17.3"
description = "Python graph (network) package"
category = "dev"
optional = false
python-versions = "*"
files = [
    {file = "altgraph-0.17.3-py2.py3-none-any.whl", hash = "sha256:c8ac1ca6772207179ed8003ce7687757c04b0b71536f81e2ac5755c6226458fe"},
    {file = "altgraph-0.17.3.tar.gz", hash = "sha256:ad33358114df7c9416cdb8fa1eaa5852166c505118717021c6a8c7c7abbd03dd"},
]

[[package]]
name = "attrs"
version = "22.2.0"
description = "Classes Without Boilerplate"
category = "dev"
optional = false
python-versions = ">=3.6"
files = [
    {file = "attrs-22.2.0-py3-none-any.whl", hash = "sha256:29e95c7f6778868dbd49170f98f8818f78f3dc5e0e37c0b1f474e3561b240836"},
    {file = "attrs-22.2.0.tar.gz", hash = "sha256:c9227bfc2f01993c03f68db37d1d15c9690188323c067c641f1a35ca58185f99"},
]

[package.extras]
cov = ["attrs[tests]", "coverage-enable-subprocess", "coverage[toml] (>=5.3)"]
dev = ["attrs[docs,tests]"]
docs = ["furo", "myst-parser", "sphinx", "sphinx-notfound-page", "sphinxcontrib-towncrier", "towncrier", "zope.interface"]
tests = ["attrs[tests-no-zope]", "zope.interface"]
tests-no-zope = ["cloudpickle", "cloudpickle", "hypothesis", "hypothesis", "mypy (>=0.971,<0.990)", "mypy (>=0.971,<0.990)", "pympler", "pympler", "pytest (>=4.3.0)", "pytest (>=4.3.0)", "pytest-mypy-plugins", "pytest-mypy-plugins", "pytest-xdist[psutil]", "pytest-xdist[psutil]"]

[[package]]
name = "colorama"
version = "0.4.6"
description = "Cross-platform colored terminal text."
category = "dev"
optional = false
python-versions = "!=3.0.*,!=3.1.*,!=3.2.*,!=3.3.*,!=3.4.*,!=3.5.*,!=3.6.*,>=2.7"
files = [
    {file = "colorama-0.4.6-py2.py3-none-any.whl", hash = "sha256:4f1d9991f5acc0ca119f9d443620b77f9d6b33703e51011c16baf57afb285fc6"},
    {file = "colorama-0.4.6.tar.gz", hash = "sha256:08695f5cb7ed6e0531a20572697297273c47b8cae5a63ffc6d6ed5c201be6e44"},
]

[[package]]
name = "coverage"
version = "7.0.5"
description = "Code coverage measurement for Python"
category = "dev"
optional = false
python-versions = ">=3.7"
files = [
    {file = "coverage-7.0.5-cp310-cp310-macosx_10_9_x86_64.whl", hash = "sha256:2a7f23bbaeb2a87f90f607730b45564076d870f1fb07b9318d0c21f36871932b"},
    {file = "coverage-7.0.5-cp310-cp310-macosx_11_0_arm64.whl", hash = "sha256:c18d47f314b950dbf24a41787ced1474e01ca816011925976d90a88b27c22b89"},
    {file = "coverage-7.0.5-cp310-cp310-manylinux_2_17_aarch64.manylinux2014_aarch64.whl", hash = "sha256:ef14d75d86f104f03dea66c13188487151760ef25dd6b2dbd541885185f05f40"},
    {file = "coverage-7.0.5-cp310-cp310-manylinux_2_5_i686.manylinux1_i686.manylinux_2_17_i686.manylinux2014_i686.whl", hash = "sha256:66e50680e888840c0995f2ad766e726ce71ca682e3c5f4eee82272c7671d38a2"},
    {file = "coverage-7.0.5-cp310-cp310-manylinux_2_5_x86_64.manylinux1_x86_64.manylinux_2_17_x86_64.manylinux2014_x86_64.whl", hash = "sha256:a9fed35ca8c6e946e877893bbac022e8563b94404a605af1d1e6accc7eb73289"},
    {file = "coverage-7.0.5-cp310-cp310-musllinux_1_1_aarch64.whl", hash = "sha256:d8d04e755934195bdc1db45ba9e040b8d20d046d04d6d77e71b3b34a8cc002d0"},
    {file = "coverage-7.0.5-cp310-cp310-musllinux_1_1_i686.whl", hash = "sha256:7e109f1c9a3ece676597831874126555997c48f62bddbcace6ed17be3e372de8"},
    {file = "coverage-7.0.5-cp310-cp310-musllinux_1_1_x86_64.whl", hash = "sha256:0a1890fca2962c4f1ad16551d660b46ea77291fba2cc21c024cd527b9d9c8809"},
    {file = "coverage-7.0.5-cp310-cp310-win32.whl", hash = "sha256:be9fcf32c010da0ba40bf4ee01889d6c737658f4ddff160bd7eb9cac8f094b21"},
    {file = "coverage-7.0.5-cp310-cp310-win_amd64.whl", hash = "sha256:cbfcba14a3225b055a28b3199c3d81cd0ab37d2353ffd7f6fd64844cebab31ad"},
    {file = "coverage-7.0.5-cp311-cp311-macosx_10_9_x86_64.whl", hash = "sha256:30b5fec1d34cc932c1bc04017b538ce16bf84e239378b8f75220478645d11fca"},
    {file = "coverage-7.0.5-cp311-cp311-macosx_11_0_arm64.whl", hash = "sha256:1caed2367b32cc80a2b7f58a9f46658218a19c6cfe5bc234021966dc3daa01f0"},
    {file = "coverage-7.0.5-cp311-cp311-manylinux_2_17_aarch64.manylinux2014_aarch64.whl", hash = "sha256:d254666d29540a72d17cc0175746cfb03d5123db33e67d1020e42dae611dc196"},
    {file = "coverage-7.0.5-cp311-cp311-manylinux_2_5_i686.manylinux1_i686.manylinux_2_17_i686.manylinux2014_i686.whl", hash = "sha256:19245c249aa711d954623d94f23cc94c0fd65865661f20b7781210cb97c471c0"},
    {file = "coverage-7.0.5-cp311-cp311-manylinux_2_5_x86_64.manylinux1_x86_64.manylinux_2_17_x86_64.manylinux2014_x86_64.whl", hash = "sha256:7b05ed4b35bf6ee790832f68932baf1f00caa32283d66cc4d455c9e9d115aafc"},
    {file = "coverage-7.0.5-cp311-cp311-musllinux_1_1_aarch64.whl", hash = "sha256:29de916ba1099ba2aab76aca101580006adfac5646de9b7c010a0f13867cba45"},
    {file = "coverage-7.0.5-cp311-cp311-musllinux_1_1_i686.whl", hash = "sha256:e057e74e53db78122a3979f908973e171909a58ac20df05c33998d52e6d35757"},
    {file = "coverage-7.0.5-cp311-cp311-musllinux_1_1_x86_64.whl", hash = "sha256:411d4ff9d041be08fdfc02adf62e89c735b9468f6d8f6427f8a14b6bb0a85095"},
    {file = "coverage-7.0.5-cp311-cp311-win32.whl", hash = "sha256:52ab14b9e09ce052237dfe12d6892dd39b0401690856bcfe75d5baba4bfe2831"},
    {file = "coverage-7.0.5-cp311-cp311-win_amd64.whl", hash = "sha256:1f66862d3a41674ebd8d1a7b6f5387fe5ce353f8719040a986551a545d7d83ea"},
    {file = "coverage-7.0.5-cp37-cp37m-macosx_10_9_x86_64.whl", hash = "sha256:b69522b168a6b64edf0c33ba53eac491c0a8f5cc94fa4337f9c6f4c8f2f5296c"},
    {file = "coverage-7.0.5-cp37-cp37m-manylinux_2_17_aarch64.manylinux2014_aarch64.whl", hash = "sha256:436e103950d05b7d7f55e39beeb4d5be298ca3e119e0589c0227e6d0b01ee8c7"},
    {file = "coverage-7.0.5-cp37-cp37m-manylinux_2_5_i686.manylinux1_i686.manylinux_2_17_i686.manylinux2014_i686.whl", hash = "sha256:b8c56bec53d6e3154eaff6ea941226e7bd7cc0d99f9b3756c2520fc7a94e6d96"},
    {file = "coverage-7.0.5-cp37-cp37m-manylinux_2_5_x86_64.manylinux1_x86_64.manylinux_2_17_x86_64.manylinux2014_x86_64.whl", hash = "sha256:7a38362528a9115a4e276e65eeabf67dcfaf57698e17ae388599568a78dcb029"},
    {file = "coverage-7.0.5-cp37-cp37m-musllinux_1_1_aarch64.whl", hash = "sha256:f67472c09a0c7486e27f3275f617c964d25e35727af952869dd496b9b5b7f6a3"},
    {file = "coverage-7.0.5-cp37-cp37m-musllinux_1_1_i686.whl", hash = "sha256:220e3fa77d14c8a507b2d951e463b57a1f7810a6443a26f9b7591ef39047b1b2"},
    {file = "coverage-7.0.5-cp37-cp37m-musllinux_1_1_x86_64.whl", hash = "sha256:ecb0f73954892f98611e183f50acdc9e21a4653f294dfbe079da73c6378a6f47"},
    {file = "coverage-7.0.5-cp37-cp37m-win32.whl", hash = "sha256:d8f3e2e0a1d6777e58e834fd5a04657f66affa615dae61dd67c35d1568c38882"},
    {file = "coverage-7.0.5-cp37-cp37m-win_amd64.whl", hash = "sha256:9e662e6fc4f513b79da5d10a23edd2b87685815b337b1a30cd11307a6679148d"},
    {file = "coverage-7.0.5-cp38-cp38-macosx_10_9_x86_64.whl", hash = "sha256:790e4433962c9f454e213b21b0fd4b42310ade9c077e8edcb5113db0818450cb"},
    {file = "coverage-7.0.5-cp38-cp38-macosx_11_0_arm64.whl", hash = "sha256:49640bda9bda35b057b0e65b7c43ba706fa2335c9a9896652aebe0fa399e80e6"},
    {file = "coverage-7.0.5-cp38-cp38-manylinux_2_17_aarch64.manylinux2014_aarch64.whl", hash = "sha256:d66187792bfe56f8c18ba986a0e4ae44856b1c645336bd2c776e3386da91e1dd"},
    {file = "coverage-7.0.5-cp38-cp38-manylinux_2_5_i686.manylinux1_i686.manylinux_2_17_i686.manylinux2014_i686.whl", hash = "sha256:276f4cd0001cd83b00817c8db76730938b1ee40f4993b6a905f40a7278103b3a"},
    {file = "coverage-7.0.5-cp38-cp38-manylinux_2_5_x86_64.manylinux1_x86_64.manylinux_2_17_x86_64.manylinux2014_x86_64.whl", hash = "sha256:95304068686545aa368b35dfda1cdfbbdbe2f6fe43de4a2e9baa8ebd71be46e2"},
    {file = "coverage-7.0.5-cp38-cp38-musllinux_1_1_aarch64.whl", hash = "sha256:17e01dd8666c445025c29684d4aabf5a90dc6ef1ab25328aa52bedaa95b65ad7"},
    {file = "coverage-7.0.5-cp38-cp38-musllinux_1_1_i686.whl", hash = "sha256:ea76dbcad0b7b0deb265d8c36e0801abcddf6cc1395940a24e3595288b405ca0"},
    {file = "coverage-7.0.5-cp38-cp38-musllinux_1_1_x86_64.whl", hash = "sha256:50a6adc2be8edd7ee67d1abc3cd20678987c7b9d79cd265de55941e3d0d56499"},
    {file = "coverage-7.0.5-cp38-cp38-win32.whl", hash = "sha256:e4ce984133b888cc3a46867c8b4372c7dee9cee300335e2925e197bcd45b9e16"},
    {file = "coverage-7.0.5-cp38-cp38-win_amd64.whl", hash = "sha256:4a950f83fd3f9bca23b77442f3a2b2ea4ac900944d8af9993743774c4fdc57af"},
    {file = "coverage-7.0.5-cp39-cp39-macosx_10_9_x86_64.whl", hash = "sha256:3c2155943896ac78b9b0fd910fb381186d0c345911f5333ee46ac44c8f0e43ab"},
    {file = "coverage-7.0.5-cp39-cp39-macosx_11_0_arm64.whl", hash = "sha256:54f7e9705e14b2c9f6abdeb127c390f679f6dbe64ba732788d3015f7f76ef637"},
    {file = "coverage-7.0.5-cp39-cp39-manylinux_2_17_aarch64.manylinux2014_aarch64.whl", hash = "sha256:0ee30375b409d9a7ea0f30c50645d436b6f5dfee254edffd27e45a980ad2c7f4"},
    {file = "coverage-7.0.5-cp39-cp39-manylinux_2_5_i686.manylinux1_i686.manylinux_2_17_i686.manylinux2014_i686.whl", hash = "sha256:b78729038abea6a5df0d2708dce21e82073463b2d79d10884d7d591e0f385ded"},
    {file = "coverage-7.0.5-cp39-cp39-manylinux_2_5_x86_64.manylinux1_x86_64.manylinux_2_17_x86_64.manylinux2014_x86_64.whl", hash = "sha256:13250b1f0bd023e0c9f11838bdeb60214dd5b6aaf8e8d2f110c7e232a1bff83b"},
    {file = "coverage-7.0.5-cp39-cp39-musllinux_1_1_aarch64.whl", hash = "sha256:2c407b1950b2d2ffa091f4e225ca19a66a9bd81222f27c56bd12658fc5ca1209"},
    {file = "coverage-7.0.5-cp39-cp39-musllinux_1_1_i686.whl", hash = "sha256:c76a3075e96b9c9ff00df8b5f7f560f5634dffd1658bafb79eb2682867e94f78"},
    {file = "coverage-7.0.5-cp39-cp39-musllinux_1_1_x86_64.whl", hash = "sha256:f26648e1b3b03b6022b48a9b910d0ae209e2d51f50441db5dce5b530fad6d9b1"},
    {file = "coverage-7.0.5-cp39-cp39-win32.whl", hash = "sha256:ba3027deb7abf02859aca49c865ece538aee56dcb4871b4cced23ba4d5088904"},
    {file = "coverage-7.0.5-cp39-cp39-win_amd64.whl", hash = "sha256:949844af60ee96a376aac1ded2a27e134b8c8d35cc006a52903fc06c24a3296f"},
    {file = "coverage-7.0.5-pp37.pp38.pp39-none-any.whl", hash = "sha256:b9727ac4f5cf2cbf87880a63870b5b9730a8ae3a4a360241a0fdaa2f71240ff0"},
    {file = "coverage-7.0.5.tar.gz", hash = "sha256:051afcbd6d2ac39298d62d340f94dbb6a1f31de06dfaf6fcef7b759dd3860c45"},
]

[package.dependencies]
tomli = {version = "*", optional = true, markers = "python_full_version <= \"3.11.0a6\" and extra == \"toml\""}

[package.extras]
toml = ["tomli"]

[[package]]
name = "exceptiongroup"
version = "1.1.0"
description = "Backport of PEP 654 (exception groups)"
category = "dev"
optional = false
python-versions = ">=3.7"
files = [
    {file = "exceptiongroup-1.1.0-py3-none-any.whl", hash = "sha256:327cbda3da756e2de031a3107b81ab7b3770a602c4d16ca618298c526f4bec1e"},
    {file = "exceptiongroup-1.1.0.tar.gz", hash = "sha256:bcb67d800a4497e1b404c2dd44fca47d3b7a5e5433dbab67f96c1a685cdfdf23"},
]

[package.extras]
test = ["pytest (>=6)"]

[[package]]
name = "future"
version = "0.18.2"
description = "Clean single-source support for Python 3 and 2"
category = "dev"
optional = false
python-versions = ">=2.6, !=3.0.*, !=3.1.*, !=3.2.*"
files = [
    {file = "future-0.18.2.tar.gz", hash = "sha256:b1bead90b70cf6ec3f0710ae53a525360fa360d306a86583adc6bf83a4db537d"},
]

[[package]]
name = "iniconfig"
version = "2.0.0"
description = "brain-dead simple config-ini parsing"
category = "dev"
optional = false
python-versions = ">=3.7"
files = [
    {file = "iniconfig-2.0.0-py3-none-any.whl", hash = "sha256:b6a85871a79d2e3b22d2d1b94ac2824226a63c6b741c88f7ae975f18b6778374"},
    {file = "iniconfig-2.0.0.tar.gz", hash = "sha256:2d91e135bf72d31a410b17c16da610a82cb55f6b0477d1a902134b24a455b8b3"},
]

[[package]]
name = "macholib"
version = "1.16.2"
description = "Mach-O header analysis and editing"
category = "dev"
optional = false
python-versions = "*"
files = [
    {file = "macholib-1.16.2-py2.py3-none-any.whl", hash = "sha256:44c40f2cd7d6726af8fa6fe22549178d3a4dfecc35a9cd15ea916d9c83a688e0"},
    {file = "macholib-1.16.2.tar.gz", hash = "sha256:557bbfa1bb255c20e9abafe7ed6cd8046b48d9525db2f9b77d3122a63a2a8bf8"},
]

[package.dependencies]
altgraph = ">=0.17"

[[package]]
name = "mypy"
version = "0.991"
description = "Optional static typing for Python"
category = "dev"
optional = false
python-versions = ">=3.7"
files = [
    {file = "mypy-0.991-cp310-cp310-macosx_10_9_universal2.whl", hash = "sha256:7d17e0a9707d0772f4a7b878f04b4fd11f6f5bcb9b3813975a9b13c9332153ab"},
    {file = "mypy-0.991-cp310-cp310-macosx_10_9_x86_64.whl", hash = "sha256:0714258640194d75677e86c786e80ccf294972cc76885d3ebbb560f11db0003d"},
    {file = "mypy-0.991-cp310-cp310-macosx_11_0_arm64.whl", hash = "sha256:0c8f3be99e8a8bd403caa8c03be619544bc2c77a7093685dcf308c6b109426c6"},
    {file = "mypy-0.991-cp310-cp310-manylinux_2_17_x86_64.manylinux2014_x86_64.whl", hash = "sha256:bc9ec663ed6c8f15f4ae9d3c04c989b744436c16d26580eaa760ae9dd5d662eb"},
    {file = "mypy-0.991-cp310-cp310-musllinux_1_1_x86_64.whl", hash = "sha256:4307270436fd7694b41f913eb09210faff27ea4979ecbcd849e57d2da2f65305"},
    {file = "mypy-0.991-cp310-cp310-win_amd64.whl", hash = "sha256:901c2c269c616e6cb0998b33d4adbb4a6af0ac4ce5cd078afd7bc95830e62c1c"},
    {file = "mypy-0.991-cp311-cp311-macosx_10_9_universal2.whl", hash = "sha256:d13674f3fb73805ba0c45eb6c0c3053d218aa1f7abead6e446d474529aafc372"},
    {file = "mypy-0.991-cp311-cp311-macosx_10_9_x86_64.whl", hash = "sha256:1c8cd4fb70e8584ca1ed5805cbc7c017a3d1a29fb450621089ffed3e99d1857f"},
    {file = "mypy-0.991-cp311-cp311-macosx_11_0_arm64.whl", hash = "sha256:209ee89fbb0deed518605edddd234af80506aec932ad28d73c08f1400ef80a33"},
    {file = "mypy-0.991-cp311-cp311-manylinux_2_17_x86_64.manylinux2014_x86_64.whl", hash = "sha256:37bd02ebf9d10e05b00d71302d2c2e6ca333e6c2a8584a98c00e038db8121f05"},
    {file = "mypy-0.991-cp311-cp311-musllinux_1_1_x86_64.whl", hash = "sha256:26efb2fcc6b67e4d5a55561f39176821d2adf88f2745ddc72751b7890f3194ad"},
    {file = "mypy-0.991-cp311-cp311-win_amd64.whl", hash = "sha256:3a700330b567114b673cf8ee7388e949f843b356a73b5ab22dd7cff4742a5297"},
    {file = "mypy-0.991-cp37-cp37m-macosx_10_9_x86_64.whl", hash = "sha256:1f7d1a520373e2272b10796c3ff721ea1a0712288cafaa95931e66aa15798813"},
    {file = "mypy-0.991-cp37-cp37m-manylinux_2_17_x86_64.manylinux2014_x86_64.whl", hash = "sha256:641411733b127c3e0dab94c45af15fea99e4468f99ac88b39efb1ad677da5711"},
    {file = "mypy-0.991-cp37-cp37m-musllinux_1_1_x86_64.whl", hash = "sha256:3d80e36b7d7a9259b740be6d8d906221789b0d836201af4234093cae89ced0cd"},
    {file = "mypy-0.991-cp37-cp37m-win_amd64.whl", hash = "sha256:e62ebaad93be3ad1a828a11e90f0e76f15449371ffeecca4a0a0b9adc99abcef"},
    {file = "mypy-0.991-cp38-cp38-macosx_10_9_universal2.whl", hash = "sha256:b86ce2c1866a748c0f6faca5232059f881cda6dda2a893b9a8373353cfe3715a"},
    {file = "mypy-0.991-cp38-cp38-macosx_10_9_x86_64.whl", hash = "sha256:ac6e503823143464538efda0e8e356d871557ef60ccd38f8824a4257acc18d93"},
    {file = "mypy-0.991-cp38-cp38-macosx_11_0_arm64.whl", hash = "sha256:0cca5adf694af539aeaa6ac633a7afe9bbd760df9d31be55ab780b77ab5ae8bf"},
    {file = "mypy-0.991-cp38-cp38-manylinux_2_17_x86_64.manylinux2014_x86_64.whl", hash = "sha256:a12c56bf73cdab116df96e4ff39610b92a348cc99a1307e1da3c3768bbb5b135"},
    {file = "mypy-0.991-cp38-cp38-musllinux_1_1_x86_64.whl", hash = "sha256:652b651d42f155033a1967739788c436491b577b6a44e4c39fb340d0ee7f0d70"},
    {file = "mypy-0.991-cp38-cp38-win_amd64.whl", hash = "sha256:4175593dc25d9da12f7de8de873a33f9b2b8bdb4e827a7cae952e5b1a342e243"},
    {file = "mypy-0.991-cp39-cp39-macosx_10_9_universal2.whl", hash = "sha256:98e781cd35c0acf33eb0295e8b9c55cdbef64fcb35f6d3aa2186f289bed6e80d"},
    {file = "mypy-0.991-cp39-cp39-macosx_10_9_x86_64.whl", hash = "sha256:6d7464bac72a85cb3491c7e92b5b62f3dcccb8af26826257760a552a5e244aa5"},
    {file = "mypy-0.991-cp39-cp39-macosx_11_0_arm64.whl", hash = "sha256:c9166b3f81a10cdf9b49f2d594b21b31adadb3d5e9db9b834866c3258b695be3"},
    {file = "mypy-0.991-cp39-cp39-manylinux_2_17_x86_64.manylinux2014_x86_64.whl", hash = "sha256:b8472f736a5bfb159a5e36740847808f6f5b659960115ff29c7cecec1741c648"},
    {file = "mypy-0.991-cp39-cp39-musllinux_1_1_x86_64.whl", hash = "sha256:5e80e758243b97b618cdf22004beb09e8a2de1af481382e4d84bc52152d1c476"},
    {file = "mypy-0.991-cp39-cp39-win_amd64.whl", hash = "sha256:74e259b5c19f70d35fcc1ad3d56499065c601dfe94ff67ae48b85596b9ec1461"},
    {file = "mypy-0.991-py3-none-any.whl", hash = "sha256:de32edc9b0a7e67c2775e574cb061a537660e51210fbf6006b0b36ea695ae9bb"},
    {file = "mypy-0.991.tar.gz", hash = "sha256:3c0165ba8f354a6d9881809ef29f1a9318a236a6d81c690094c5df32107bde06"},
]

[package.dependencies]
mypy-extensions = ">=0.4.3"
tomli = {version = ">=1.1.0", markers = "python_version < \"3.11\""}
typing-extensions = ">=3.10"

[package.extras]
dmypy = ["psutil (>=4.0)"]
install-types = ["pip"]
python2 = ["typed-ast (>=1.4.0,<2)"]
reports = ["lxml"]

[[package]]
name = "mypy-extensions"
version = "0.4.3"
description = "Experimental type system extensions for programs checked with the mypy typechecker."
category = "dev"
optional = false
python-versions = "*"
files = [
    {file = "mypy_extensions-0.4.3-py2.py3-none-any.whl", hash = "sha256:090fedd75945a69ae91ce1303b5824f428daf5a028d2f6ab8a299250a846f15d"},
    {file = "mypy_extensions-0.4.3.tar.gz", hash = "sha256:2d82818f5bb3e369420cb3c4060a7970edba416647068eb4c5343488a6c604a8"},
]

[[package]]
name = "packaging"
version = "23.0"
description = "Core utilities for Python packages"
category = "dev"
optional = false
python-versions = ">=3.7"
files = [
    {file = "packaging-23.0-py3-none-any.whl", hash = "sha256:714ac14496c3e68c99c29b00845f7a2b85f3bb6f1078fd9f72fd20f0570002b2"},
    {file = "packaging-23.0.tar.gz", hash = "sha256:b6ad297f8907de0fa2fe1ccbd26fdaf387f5f47c7275fedf8cce89f99446cf97"},
]

[[package]]
name = "pefile"
version = "2022.5.30"
description = "Python PE parsing module"
category = "dev"
optional = false
python-versions = ">=3.6.0"
files = [
    {file = "pefile-2022.5.30.tar.gz", hash = "sha256:a5488a3dd1fd021ce33f969780b88fe0f7eebb76eb20996d7318f307612a045b"},
]

[package.dependencies]
future = "*"

[[package]]
name = "pluggy"
version = "1.0.0"
description = "plugin and hook calling mechanisms for python"
category = "dev"
optional = false
python-versions = ">=3.6"
files = [
    {file = "pluggy-1.0.0-py2.py3-none-any.whl", hash = "sha256:74134bbf457f031a36d68416e1509f34bd5ccc019f0bcc952c7b909d06b37bd3"},
    {file = "pluggy-1.0.0.tar.gz", hash = "sha256:4224373bacce55f955a878bf9cfa763c1e360858e330072059e10bad68531159"},
]

[package.extras]
dev = ["pre-commit", "tox"]
testing = ["pytest", "pytest-benchmark"]

[[package]]
name = "psutil"
version = "5.9.4"
description = "Cross-platform lib for process and system monitoring in Python."
category = "dev"
optional = false
python-versions = ">=2.7, !=3.0.*, !=3.1.*, !=3.2.*, !=3.3.*"
files = [
    {file = "psutil-5.9.4-cp27-cp27m-macosx_10_9_x86_64.whl", hash = "sha256:c1ca331af862803a42677c120aff8a814a804e09832f166f226bfd22b56feee8"},
    {file = "psutil-5.9.4-cp27-cp27m-manylinux2010_i686.whl", hash = "sha256:68908971daf802203f3d37e78d3f8831b6d1014864d7a85937941bb35f09aefe"},
    {file = "psutil-5.9.4-cp27-cp27m-manylinux2010_x86_64.whl", hash = "sha256:3ff89f9b835100a825b14c2808a106b6fdcc4b15483141482a12c725e7f78549"},
    {file = "psutil-5.9.4-cp27-cp27m-win32.whl", hash = "sha256:852dd5d9f8a47169fe62fd4a971aa07859476c2ba22c2254d4a1baa4e10b95ad"},
    {file = "psutil-5.9.4-cp27-cp27m-win_amd64.whl", hash = "sha256:9120cd39dca5c5e1c54b59a41d205023d436799b1c8c4d3ff71af18535728e94"},
    {file = "psutil-5.9.4-cp27-cp27mu-manylinux2010_i686.whl", hash = "sha256:6b92c532979bafc2df23ddc785ed116fced1f492ad90a6830cf24f4d1ea27d24"},
    {file = "psutil-5.9.4-cp27-cp27mu-manylinux2010_x86_64.whl", hash = "sha256:efeae04f9516907be44904cc7ce08defb6b665128992a56957abc9b61dca94b7"},
    {file = "psutil-5.9.4-cp36-abi3-macosx_10_9_x86_64.whl", hash = "sha256:54d5b184728298f2ca8567bf83c422b706200bcbbfafdc06718264f9393cfeb7"},
    {file = "psutil-5.9.4-cp36-abi3-manylinux_2_12_i686.manylinux2010_i686.manylinux_2_17_i686.manylinux2014_i686.whl", hash = "sha256:16653106f3b59386ffe10e0bad3bb6299e169d5327d3f187614b1cb8f24cf2e1"},
    {file = "psutil-5.9.4-cp36-abi3-manylinux_2_12_x86_64.manylinux2010_x86_64.manylinux_2_17_x86_64.manylinux2014_x86_64.whl", hash = "sha256:54c0d3d8e0078b7666984e11b12b88af2db11d11249a8ac8920dd5ef68a66e08"},
    {file = "psutil-5.9.4-cp36-abi3-win32.whl", hash = "sha256:149555f59a69b33f056ba1c4eb22bb7bf24332ce631c44a319cec09f876aaeff"},
    {file = "psutil-5.9.4-cp36-abi3-win_amd64.whl", hash = "sha256:fd8522436a6ada7b4aad6638662966de0d61d241cb821239b2ae7013d41a43d4"},
    {file = "psutil-5.9.4-cp38-abi3-macosx_11_0_arm64.whl", hash = "sha256:6001c809253a29599bc0dfd5179d9f8a5779f9dffea1da0f13c53ee568115e1e"},
    {file = "psutil-5.9.4.tar.gz", hash = "sha256:3d7f9739eb435d4b1338944abe23f49584bde5395f27487d2ee25ad9a8774a62"},
]

[package.extras]
test = ["enum34", "ipaddress", "mock", "pywin32", "wmi"]

[[package]]
name = "py-cpuinfo"
version = "9.0.0"
description = "Get CPU info with pure Python"
category = "dev"
optional = false
python-versions = "*"
files = [
    {file = "py-cpuinfo-9.0.0.tar.gz", hash = "sha256:3cdbbf3fac90dc6f118bfd64384f309edeadd902d7c8fb17f02ffa1fc3f49690"},
    {file = "py_cpuinfo-9.0.0-py3-none-any.whl", hash = "sha256:859625bc251f64e21f077d099d4162689c762b5d6a4c3c97553d56241c9674d5"},
]

[[package]]
name = "pyinstaller"
version = "5.7.0"
description = "PyInstaller bundles a Python application and all its dependencies into a single package."
category = "dev"
optional = false
python-versions = "<3.12,>=3.7"
files = [
    {file = "pyinstaller-5.7.0-py3-none-macosx_10_13_universal2.whl", hash = "sha256:b967ae71ab7b05e18608dbb4518da5afa54f0835927cb7a5ce52ab8fffed03b6"},
    {file = "pyinstaller-5.7.0-py3-none-manylinux2014_aarch64.whl", hash = "sha256:3180b9bf22263380adc5e2ee051b7c21463292877215bbe70c9155dc76f4b966"},
    {file = "pyinstaller-5.7.0-py3-none-manylinux2014_i686.whl", hash = "sha256:0f80e2403e76630ad3392c71f09c1a4284e8d8a8a99fb55ff3a0aba0e06300ed"},
    {file = "pyinstaller-5.7.0-py3-none-manylinux2014_ppc64le.whl", hash = "sha256:2c1dd9d11cfc48bab61eeb06de69a3d1ad742bbb2ef14716965ca0333dd43a5b"},
    {file = "pyinstaller-5.7.0-py3-none-manylinux2014_s390x.whl", hash = "sha256:dfc12e92fe10ae645dd0dd1fcfa4cd7677b2e96119e3cd4980d742e09bb78925"},
    {file = "pyinstaller-5.7.0-py3-none-manylinux2014_x86_64.whl", hash = "sha256:f35f06d48faea0ad738429c009941059beebaa306e9d9ead95f1df4b441de2aa"},
    {file = "pyinstaller-5.7.0-py3-none-musllinux_1_1_aarch64.whl", hash = "sha256:28a8a0da656493aa32d9665e2f6f84775da0f23174859ed8facaa4226fe77a17"},
    {file = "pyinstaller-5.7.0-py3-none-musllinux_1_1_x86_64.whl", hash = "sha256:1ac3f09b838710c43e34b0a7ad003bd168a754b0b786c561b47baf1af9104354"},
    {file = "pyinstaller-5.7.0-py3-none-win32.whl", hash = "sha256:9cdb8ee8622ee8d2c6cd67f001b610019d4371a8bf3f7850562640ce786894d7"},
    {file = "pyinstaller-5.7.0-py3-none-win_amd64.whl", hash = "sha256:9b47c10fbefac6f6493266f8b1689109b2b14efa9142dbd2cd7549226a4568b7"},
    {file = "pyinstaller-5.7.0-py3-none-win_arm64.whl", hash = "sha256:3e51e18a16dec0414079762843cf892a5d70749ad56ca7b3c7b5f8367dc50b1e"},
    {file = "pyinstaller-5.7.0.tar.gz", hash = "sha256:0e5953937d35f0b37543cc6915dacaf3239bcbdf3fd3ecbb7866645468a16775"},
]

[package.dependencies]
altgraph = "*"
macholib = {version = ">=1.8", markers = "sys_platform == \"darwin\""}
pefile = {version = ">=2022.5.30", markers = "sys_platform == \"win32\""}
pyinstaller-hooks-contrib = ">=2021.4"
pywin32-ctypes = {version = ">=0.2.0", markers = "sys_platform == \"win32\""}
setuptools = ">=42.0.0"

[package.extras]
encryption = ["tinyaes (>=1.0.0)"]
hook-testing = ["execnet (>=1.5.0)", "psutil", "pytest (>=2.7.3)"]

[[package]]
name = "pyinstaller-hooks-contrib"
version = "2022.14"
description = "Community maintained hooks for PyInstaller"
category = "dev"
optional = false
python-versions = ">=3.7"
files = [
    {file = "pyinstaller-hooks-contrib-2022.14.tar.gz", hash = "sha256:5ae8da3a92cf20e37b3e00604d0c3468896e7d746e5c1449473597a724331b0b"},
    {file = "pyinstaller_hooks_contrib-2022.14-py2.py3-none-any.whl", hash = "sha256:1a125838a22d7b35a18993c6e56d3c5cc3ad7da00954f95bc5606523939203f2"},
]

[[package]]
name = "pytest"
version = "7.2.0"
description = "pytest: simple powerful testing with Python"
category = "dev"
optional = false
python-versions = ">=3.7"
files = [
    {file = "pytest-7.2.0-py3-none-any.whl", hash = "sha256:892f933d339f068883b6fd5a459f03d85bfcb355e4981e146d2c7616c21fef71"},
    {file = "pytest-7.2.0.tar.gz", hash = "sha256:c4014eb40e10f11f355ad4e3c2fb2c6c6d1919c73f3b5a433de4708202cade59"},
]

[package.dependencies]
attrs = ">=19.2.0"
colorama = {version = "*", markers = "sys_platform == \"win32\""}
exceptiongroup = {version = ">=1.0.0rc8", markers = "python_version < \"3.11\""}
iniconfig = "*"
packaging = "*"
pluggy = ">=0.12,<2.0"
tomli = {version = ">=1.0.0", markers = "python_version < \"3.11\""}

[package.extras]
testing = ["argcomplete", "hypothesis (>=3.56)", "mock", "nose", "pygments (>=2.7.2)", "requests", "xmlschema"]

[[package]]
name = "pytest-benchmark"
version = "4.0.0"
description = "A ``pytest`` fixture for benchmarking code. It will group the tests into rounds that are calibrated to the chosen timer."
category = "dev"
optional = false
python-versions = ">=3.7"
files = [
    {file = "pytest-benchmark-4.0.0.tar.gz", hash = "sha256:fb0785b83efe599a6a956361c0691ae1dbb5318018561af10f3e915caa0048d1"},
    {file = "pytest_benchmark-4.0.0-py3-none-any.whl", hash = "sha256:fdb7db64e31c8b277dff9850d2a2556d8b60bcb0ea6524e36e28ffd7c87f71d6"},
]

[package.dependencies]
py-cpuinfo = "*"
pytest = ">=3.8"

[package.extras]
aspect = ["aspectlib"]
elasticsearch = ["elasticsearch"]
histogram = ["pygal", "pygaljs"]

[[package]]
name = "pytest-cov"
version = "4.0.0"
description = "Pytest plugin for measuring coverage."
category = "dev"
optional = false
python-versions = ">=3.6"
files = [
    {file = "pytest-cov-4.0.0.tar.gz", hash = "sha256:996b79efde6433cdbd0088872dbc5fb3ed7fe1578b68cdbba634f14bb8dd0470"},
    {file = "pytest_cov-4.0.0-py3-none-any.whl", hash = "sha256:2feb1b751d66a8bd934e5edfa2e961d11309dc37b73b0eabe73b5945fee20f6b"},
]

[package.dependencies]
coverage = {version = ">=5.2.1", extras = ["toml"]}
pytest = ">=4.6"

[package.extras]
testing = ["fields", "hunter", "process-tests", "pytest-xdist", "six", "virtualenv"]

[[package]]
name = "pywin32-ctypes"
version = "0.2.0"
description = ""
category = "dev"
optional = false
python-versions = "*"
files = [
    {file = "pywin32-ctypes-0.2.0.tar.gz", hash = "sha256:24ffc3b341d457d48e8922352130cf2644024a4ff09762a2261fd34c36ee5942"},
    {file = "pywin32_ctypes-0.2.0-py2.py3-none-any.whl", hash = "sha256:9dc2d991b3479cc2df15930958b674a48a227d5361d413827a4cfd0b5876fc98"},
]

[[package]]
name = "setuptools"
version = "65.6.3"
description = "Easily download, build, install, upgrade, and uninstall Python packages"
category = "dev"
optional = false
python-versions = ">=3.7"
files = [
    {file = "setuptools-65.6.3-py3-none-any.whl", hash = "sha256:57f6f22bde4e042978bcd50176fdb381d7c21a9efa4041202288d3737a0c6a54"},
    {file = "setuptools-65.6.3.tar.gz", hash = "sha256:a7620757bf984b58deaf32fc8a4577a9bbc0850cf92c20e1ce41c38c19e5fb75"},
]

[package.extras]
docs = ["furo", "jaraco.packaging (>=9)", "jaraco.tidelift (>=1.4)", "pygments-github-lexers (==0.0.5)", "rst.linker (>=1.9)", "sphinx (>=3.5)", "sphinx-favicon", "sphinx-hoverxref (<2)", "sphinx-inline-tabs", "sphinx-notfound-page (==0.8.3)", "sphinx-reredirects", "sphinxcontrib-towncrier"]
testing = ["build[virtualenv]", "filelock (>=3.4.0)", "flake8 (<5)", "flake8-2020", "ini2toml[lite] (>=0.9)", "jaraco.envs (>=2.2)", "jaraco.path (>=3.2.0)", "pip (>=19.1)", "pip-run (>=8.8)", "pytest (>=6)", "pytest-black (>=0.3.7)", "pytest-checkdocs (>=2.4)", "pytest-cov", "pytest-enabler (>=1.3)", "pytest-flake8", "pytest-mypy (>=0.9.1)", "pytest-perf", "pytest-timeout", "pytest-xdist", "tomli-w (>=1.0.0)", "virtualenv (>=13.0.0)", "wheel"]
testing-integration = ["build[virtualenv]", "filelock (>=3.4.0)", "jaraco.envs (>=2.2)", "jaraco.path (>=3.2.0)", "pytest", "pytest-enabler", "pytest-xdist", "tomli", "virtualenv (>=13.0.0)", "wheel"]

[[package]]
name = "tomli"
version = "2.0.1"
description = "A lil' TOML parser"
category = "dev"
optional = false
python-versions = ">=3.7"
files = [
    {file = "tomli-2.0.1-py3-none-any.whl", hash = "sha256:939de3e7a6161af0c887ef91b7d41a53e7c5a1ca976325f429cb46ea9bc30ecc"},
    {file = "tomli-2.0.1.tar.gz", hash = "sha256:de526c12914f0c550d15924c62d72abc48d6fe7364aa87328337a31007fe8a4f"},
]

[[package]]
name = "typing-extensions"
version = "4.4.0"
description = "Backported and Experimental Type Hints for Python 3.7+"
category = "dev"
optional = false
python-versions = ">=3.7"
files = [
    {file = "typing_extensions-4.4.0-py3-none-any.whl", hash = "sha256:16fa4864408f655d35ec496218b85f79b3437c829e93320c7c9215ccfd92489e"},
    {file = "typing_extensions-4.4.0.tar.gz", hash = "sha256:1511434bb92bf8dd198c12b1cc812e800d4181cfcb867674e0f8279cc93087aa"},
]

[metadata]
lock-version = "2.0"
python-versions = "^3.8,<3.11"
content-hash = "1420c29960f3ef20068dd73a016bac91e3849b882b1f4bf6b3890c904030c4f4"
